
Microsoft Visual Studio Solution File, Format Version 12.00
# Visual Studio Version 17
VisualStudioVersion = 17.14.36603.0
MinimumVisualStudioVersion = 10.0.40219.1
Project("{FAE04EC0-301F-11D3-BF4B-00C04F79EFBC}") = "CodeForces", "CodeForces.csproj", "{4F4DD559-58C0-2547-AF35-F4081A23F86E}"
EndProject
Global
	GlobalSection(SolutionConfigurationPlatforms) = preSolution
		Debug|Any CPU = Debug|Any CPU
		Release|Any CPU = Release|Any CPU
	EndGlobalSection
	GlobalSection(ProjectConfigurationPlatforms) = postSolution
		{4F4DD559-58C0-2547-AF35-F4081A23F86E}.Debug|Any CPU.ActiveCfg = Debug|Any CPU
		{4F4DD559-58C0-2547-AF35-F4081A23F86E}.Debug|Any CPU.Build.0 = Debug|Any CPU
		{4F4DD559-58C0-2547-AF35-F4081A23F86E}.Release|Any CPU.ActiveCfg = Release|Any CPU
		{4F4DD559-58C0-2547-AF35-F4081A23F86E}.Release|Any CPU.Build.0 = Release|Any CPU
	EndGlobalSection
	GlobalSection(SolutionProperties) = preSolution
		HideSolutionNode = FALSE
	EndGlobalSection
	GlobalSection(ExtensibilityGlobals) = postSolution
		SolutionGuid = {E7474AF2-673F-42E9-87E0-1EB1E3C7700D}
	EndGlobalSection
EndGlobal
